{
  "name": "api",
  "version": "1.0.0",
  "lockfileVersion": 1,
  "requires": true,
  "dependencies": {
    "@azure/abort-controller": {
      "version": "1.1.0",
      "resolved": "https://artifacts.dell.com:443/artifactory/api/npm/dtst-npm-dev-virtual/@azure/abort-controller/-/abort-controller-1.1.0.tgz",
      "integrity": "sha512-TrRLIoSQVzfAJX9H1JeFjzAoDGcoK1IYX1UImfceTZpsyYfWr09Ss1aHW1y5TrrR3iq6RZLBwJ3E24uwPhwahw==",
      "requires": {
        "tslib": "^2.2.0"
      }
    },
    "@azure/core-auth": {
      "version": "1.4.0",
      "resolved": "https://artifacts.dell.com:443/artifactory/api/npm/dtst-npm-dev-virtual/@azure/core-auth/-/core-auth-1.4.0.tgz",
      "integrity": "sha512-HFrcTgmuSuukRf/EdPmqBrc5l6Q5Uu+2TbuhaKbgaCpP2TfAeiNaQPAadxO+CYBRHGUzIDteMAjFspFLDLnKVQ==",
      "requires": {
        "@azure/abort-controller": "^1.0.0",
        "tslib": "^2.2.0"
      }
    },
    "@azure/core-client": {
      "version": "1.6.1",
      "resolved": "https://artifacts.dell.com:443/artifactory/api/npm/dtst-npm-dev-virtual/@azure/core-client/-/core-client-1.6.1.tgz",
      "integrity": "sha512-mZ1MSKhZBYoV8GAWceA+PEJFWV2VpdNSpxxcj1wjIAOi00ykRuIQChT99xlQGZWLY3/NApWhSImlFwsmCEs4vA==",
      "requires": {
        "@azure/abort-controller": "^1.0.0",
        "@azure/core-auth": "^1.4.0",
        "@azure/core-rest-pipeline": "^1.9.1",
        "@azure/core-tracing": "^1.0.0",
        "@azure/core-util": "^1.0.0",
        "@azure/logger": "^1.0.0",
        "tslib": "^2.2.0"
      }
    },
    "@azure/core-rest-pipeline": {
      "version": "1.9.2",
      "resolved": "https://artifacts.dell.com:443/artifactory/api/npm/dtst-npm-dev-virtual/@azure/core-rest-pipeline/-/core-rest-pipeline-1.9.2.tgz",
      "integrity": "sha512-8rXI6ircjenaLp+PkOFpo37tQ1PQfztZkfVj97BIF3RPxHAsoVSgkJtu3IK/bUEWcb7HzXSoyBe06M7ODRkRyw==",
      "requires": {
        "@azure/abort-controller": "^1.0.0",
        "@azure/core-auth": "^1.4.0",
        "@azure/core-tracing": "^1.0.1",
        "@azure/core-util": "^1.0.0",
        "@azure/logger": "^1.0.0",
        "form-data": "^4.0.0",
        "http-proxy-agent": "^5.0.0",
        "https-proxy-agent": "^5.0.0",
        "tslib": "^2.2.0",
        "uuid": "^8.3.0"
      },
      "dependencies": {
        "form-data": {
          "version": "4.0.0",
          "resolved": "https://artifacts.dell.com:443/artifactory/api/npm/dtst-npm-dev-virtual/form-data/-/form-data-4.0.0.tgz",
          "integrity": "sha512-ETEklSGi5t0QMZuiXoA/Q6vcnxcLQP5vdugSpuAyi6SVGi2clPPp+xgEhuMaHC+zGgn31Kd235W35f7Hykkaww==",
          "requires": {
            "asynckit": "^0.4.0",
            "combined-stream": "^1.0.8",
            "mime-types": "^2.1.12"
          }
        },
        "uuid": {
          "version": "8.3.2",
          "resolved": "https://artifacts.dell.com:443/artifactory/api/npm/dtst-npm-dev-virtual/uuid/-/uuid-8.3.2.tgz",
          "integrity": "sha512-+NYs2QeMWy+GWFOEm9xnn6HCDp0l7QBD7ml8zLUmJ+93Q5NF0NocErnwkTkXVFNiX3/fpC6afS8Dhb/gz7R7eg=="
        }
      }
    },
    "@azure/core-tracing": {
      "version": "1.0.1",
      "resolved": "https://artifacts.dell.com:443/artifactory/api/npm/dtst-npm-dev-virtual/@azure/core-tracing/-/core-tracing-1.0.1.tgz",
      "integrity": "sha512-I5CGMoLtX+pI17ZdiFJZgxMJApsK6jjfm85hpgp3oazCdq5Wxgh4wMr7ge/TTWW1B5WBuvIOI1fMU/FrOAMKrw==",
      "requires": {
        "tslib": "^2.2.0"
      }
    },
    "@azure/core-util": {
      "version": "1.1.0",
      "resolved": "https://artifacts.dell.com:443/artifactory/api/npm/dtst-npm-dev-virtual/@azure/core-util/-/core-util-1.1.0.tgz",
      "integrity": "sha512-+i93lNJNA3Pl3KSuC6xKP2jTL4YFeDfO6VNOaYdk0cppZcLCxt811gS878VsqsCisaltdhl9lhMzK5kbxCiF4w==",
      "requires": {
        "tslib": "^2.2.0"
      }
    },
    "@azure/identity": {
      "version": "3.0.0",
      "resolved": "https://artifacts.dell.com:443/artifactory/api/npm/dtst-npm-dev-virtual/@azure/identity/-/identity-3.0.0.tgz",
      "integrity": "sha512-MAwrefZE6T15wJe/tOA6dffdTNCh+S6DOQe2otO6drEEVCHDF0zb+GItlK6kQzD5hPm/YueFCW6sN1q6F4XYuQ==",
      "requires": {
        "@azure/abort-controller": "^1.0.0",
        "@azure/core-auth": "^1.3.0",
        "@azure/core-client": "^1.4.0",
        "@azure/core-rest-pipeline": "^1.1.0",
        "@azure/core-tracing": "^1.0.0",
        "@azure/core-util": "^1.0.0",
        "@azure/logger": "^1.0.0",
        "@azure/msal-browser": "^2.26.0",
        "@azure/msal-common": "^7.0.0",
        "@azure/msal-node": "^1.10.0",
        "events": "^3.0.0",
        "jws": "^4.0.0",
        "open": "^8.0.0",
        "stoppable": "^1.1.0",
        "tslib": "^2.2.0",
        "uuid": "^8.3.0"
      },
      "dependencies": {
        "jwa": {
          "version": "2.0.0",
          "resolved": "https://artifacts.dell.com:443/artifactory/api/npm/dtst-npm-dev-virtual/jwa/-/jwa-2.0.0.tgz",
          "integrity": "sha512-jrZ2Qx916EA+fq9cEAeCROWPTfCwi1IVHqT2tapuqLEVVDKFDENFw1oL+MwrTvH6msKxsd1YTDVw6uKEcsrLEA==",
          "requires": {
            "buffer-equal-constant-time": "1.0.1",
            "ecdsa-sig-formatter": "1.0.11",
            "safe-buffer": "^5.0.1"
          }
        },
        "jws": {
          "version": "4.0.0",
          "resolved": "https://artifacts.dell.com:443/artifactory/api/npm/dtst-npm-dev-virtual/jws/-/jws-4.0.0.tgz",
          "integrity": "sha512-KDncfTmOZoOMTFG4mBlG0qUIOlc03fmzH+ru6RgYVZhPkyiy/92Owlt/8UEN+a4TXR1FQetfIpJE8ApdvdVxTg==",
          "requires": {
            "jwa": "^2.0.0",
            "safe-buffer": "^5.0.1"
          }
        },
        "uuid": {
          "version": "8.3.2",
          "resolved": "https://artifacts.dell.com:443/artifactory/api/npm/dtst-npm-dev-virtual/uuid/-/uuid-8.3.2.tgz",
          "integrity": "sha512-+NYs2QeMWy+GWFOEm9xnn6HCDp0l7QBD7ml8zLUmJ+93Q5NF0NocErnwkTkXVFNiX3/fpC6afS8Dhb/gz7R7eg=="
        }
      }
    },
    "@azure/logger": {
      "version": "1.0.3",
      "resolved": "https://artifacts.dell.com:443/artifactory/api/npm/dtst-npm-dev-virtual/@azure/logger/-/logger-1.0.3.tgz",
      "integrity": "sha512-aK4s3Xxjrx3daZr3VylxejK3vG5ExXck5WOHDJ8in/k9AqlfIyFMMT1uG7u8mNjX+QRILTIn0/Xgschfh/dQ9g==",
      "requires": {
        "tslib": "^2.2.0"
      }
    },
    "@azure/msal-browser": {
      "version": "2.28.3",
      "resolved": "https://artifacts.dell.com:443/artifactory/api/npm/dtst-npm-dev-virtual/@azure/msal-browser/-/msal-browser-2.28.3.tgz",
      "integrity": "sha512-2SdyH2el3s8BzPURf9RK17BvvXvaMEGpLc3D9WilZcmjJqP4nStVH7Ogwr/SNTuGV48FUhqEkP0RxDvzuFJSIw==",
      "requires": {
        "@azure/msal-common": "^7.4.1"
      }
    },
    "@azure/msal-common": {
      "version": "7.4.1",
      "resolved": "https://artifacts.dell.com:443/artifactory/api/npm/dtst-npm-dev-virtual/@azure/msal-common/-/msal-common-7.4.1.tgz",
      "integrity": "sha512-zxcxg9pRdgGTS5mrRJeQvwA8aIjD8qSGzaAiz5SeTVkyhtjB0AeFnAcvBOKHv/TkswWNfYKpERxsXOAKXkXk0w=="
    },
    "@azure/msal-node": {
      "version": "1.14.0",
      "resolved": "https://artifacts.dell.com:443/artifactory/api/npm/dtst-npm-dev-virtual/@azure/msal-node/-/msal-node-1.14.0.tgz",
      "integrity": "sha512-3XB7FuHLhmGBjw7bxuz1LCHOXQgmNIO3J56tlbOjuJcyJtd4aBCgnYIXNKLed3uRcQNHEO0mlg24I4iGxAV/UA==",
      "requires": {
        "@azure/msal-common": "^7.4.1",
        "jsonwebtoken": "^8.5.1",
        "uuid": "^8.3.0"
      },
      "dependencies": {
        "uuid": {
          "version": "8.3.2",
          "resolved": "https://artifacts.dell.com:443/artifactory/api/npm/dtst-npm-dev-virtual/uuid/-/uuid-8.3.2.tgz",
          "integrity": "sha512-+NYs2QeMWy+GWFOEm9xnn6HCDp0l7QBD7ml8zLUmJ+93Q5NF0NocErnwkTkXVFNiX3/fpC6afS8Dhb/gz7R7eg=="
        }
      }
    },
    "@redis/bloom": {
      "version": "1.0.2",
      "resolved": "https://artifacts.dell.com:443/artifactory/api/npm/dtst-npm-dev-virtual/@redis/bloom/-/bloom-1.0.2.tgz",
      "integrity": "sha512-EBw7Ag1hPgFzdznK2PBblc1kdlj5B5Cw3XwI9/oG7tSn85/HKy3X9xHy/8tm/eNXJYHLXHJL/pkwBpFMVVefkw==",
      "dev": true
    },
    "@redis/client": {
      "version": "1.3.0",
      "resolved": "https://artifacts.dell.com:443/artifactory/api/npm/dtst-npm-dev-virtual/@redis/client/-/client-1.3.0.tgz",
      "integrity": "sha512-XCFV60nloXAefDsPnYMjHGtvbtHR8fV5Om8cQ0JYqTNbWcQo/4AryzJ2luRj4blveWazRK/j40gES8M7Cp6cfQ==",
      "dev": true,
      "requires": {
        "cluster-key-slot": "1.1.0",
        "generic-pool": "3.8.2",
        "yallist": "4.0.0"
      }
    },
    "@redis/graph": {
      "version": "1.0.1",
      "resolved": "https://artifacts.dell.com:443/artifactory/api/npm/dtst-npm-dev-virtual/@redis/graph/-/graph-1.0.1.tgz",
      "integrity": "sha512-oDE4myMCJOCVKYMygEMWuriBgqlS5FqdWerikMoJxzmmTUErnTRRgmIDa2VcgytACZMFqpAOWDzops4DOlnkfQ==",
      "dev": true
    },
    "@redis/json": {
      "version": "1.0.4",
      "resolved": "https://artifacts.dell.com:443/artifactory/api/npm/dtst-npm-dev-virtual/@redis/json/-/json-1.0.4.tgz",
      "integrity": "sha512-LUZE2Gdrhg0Rx7AN+cZkb1e6HjoSKaeeW8rYnt89Tly13GBI5eP4CwDVr+MY8BAYfCg4/N15OUrtLoona9uSgw==",
      "dev": true
    },
    "@redis/search": {
      "version": "1.1.0",
      "resolved": "https://artifacts.dell.com:443/artifactory/api/npm/dtst-npm-dev-virtual/@redis/search/-/search-1.1.0.tgz",
      "integrity": "sha512-NyFZEVnxIJEybpy+YskjgOJRNsfTYqaPbK/Buv6W2kmFNaRk85JiqjJZA5QkRmWvGbyQYwoO5QfDi2wHskKrQQ==",
      "dev": true
    },
    "@redis/time-series": {
      "version": "1.0.3",
      "resolved": "https://artifacts.dell.com:443/artifactory/api/npm/dtst-npm-dev-virtual/@redis/time-series/-/time-series-1.0.3.tgz",
      "integrity": "sha512-OFp0q4SGrTH0Mruf6oFsHGea58u8vS/iI5+NpYdicaM+7BgqBZH8FFvNZ8rYYLrUO/QRqMq72NpXmxLVNcdmjA==",
      "dev": true
    },
    "@tootallnate/once": {
      "version": "2.0.0",
      "resolved": "https://artifacts.dell.com:443/artifactory/api/npm/dtst-npm-dev-virtual/@tootallnate/once/-/once-2.0.0.tgz",
      "integrity": "sha512-XCuKFP5PS55gnMVu3dty8KPatLqUoy/ZYzDzAGCQ8JNFCkLXzmI7vNHCR+XpbZaMWQK/vQubr7PkYq8g470J/A=="
    },
    "@xmldom/xmldom": {
      "version": "0.7.5",
      "resolved": "https://artifacts.dell.com:443/artifactory/api/npm/dtst-npm-dev-virtual/@xmldom/xmldom/-/xmldom-0.7.5.tgz",
      "integrity": "sha512-V3BIhmY36fXZ1OtVcI9W+FxQqxVLsPKcNjWigIaa81dLC9IolJl5Mt4Cvhmr0flUnjSpTdrbMTSbXqYqV5dT6A==",
      "dev": true
    },
    "adal-node": {
      "version": "0.2.3",
      "resolved": "https://artifacts.dell.com:443/artifactory/api/npm/dtst-npm-dev-virtual/adal-node/-/adal-node-0.2.3.tgz",
      "integrity": "sha512-gMKr8RuYEYvsj7jyfCv/4BfKToQThz20SP71N3AtFn3ia3yAR8Qt2T3aVQhuJzunWs2b38ZsQV0qsZPdwZr7VQ==",
      "dev": true,
      "requires": {
        "@xmldom/xmldom": "^0.7.0",
        "async": "^2.6.3",
        "axios": "^0.21.1",
        "date-utils": "*",
        "jws": "3.x.x",
        "underscore": ">= 1.3.1",
        "uuid": "^3.1.0",
        "xpath.js": "~1.1.0"
      }
    },
    "agent-base": {
      "version": "6.0.2",
      "resolved": "https://artifacts.dell.com:443/artifactory/api/npm/dtst-npm-dev-virtual/agent-base/-/agent-base-6.0.2.tgz",
      "integrity": "sha512-RZNwNclF7+MS/8bDg70amg32dyeZGZxiDuQmZxKLAlQjr3jGyLx+4Kkk58UO7D2QdgFIQCovuSuZESne6RG6XQ==",
      "requires": {
        "debug": "4"
      }
    },
    "ajv": {
      "version": "6.12.3",
      "resolved": "https://artifacts.dell.com:443/artifactory/api/npm/dtst-npm-dev-virtual/ajv/-/ajv-6.12.3.tgz",
      "integrity": "sha512-4K0cK3L1hsqk9xIb2z9vs/XU+PGJZ9PNpJRDS9YLzmNdX6jmVPfamLvTJr0aDAusnHyCHO6MjzlkAsgtqp9teA==",
      "dev": true,
      "requires": {
        "fast-deep-equal": "^3.1.1",
        "fast-json-stable-stringify": "^2.0.0",
        "json-schema-traverse": "^0.4.1",
        "uri-js": "^4.2.2"
      }
    },
    "asn1": {
      "version": "0.2.6",
      "resolved": "https://artifacts.dell.com:443/artifactory/api/npm/dtst-npm-dev-virtual/asn1/-/asn1-0.2.6.tgz",
      "integrity": "sha512-ix/FxPn0MDjeyJ7i/yoHGFt/EX6LyNbxSEhPPXODPL+KB0VPk86UYfL0lMdy+KCnv+fmvIzySwaK5COwqVbWTQ==",
      "dev": true,
      "requires": {
        "safer-buffer": "~2.1.0"
      }
    },
    "assert-plus": {
      "version": "1.0.0",
      "resolved": "https://artifacts.dell.com:443/artifactory/api/npm/dtst-npm-dev-virtual/assert-plus/-/assert-plus-1.0.0.tgz",
      "integrity": "sha512-NfJ4UzBCcQGLDlQq7nHxH+tv3kyZ0hHQqF5BO6J7tNJeP5do1llPr8dZ8zHonfhAu0PHAdMkSo+8o0wxg9lZWw==",
      "dev": true
    },
    "async": {
      "version": "2.6.4",
      "resolved": "https://artifacts.dell.com:443/artifactory/api/npm/dtst-npm-dev-virtual/async/-/async-2.6.4.tgz",
      "integrity": "sha512-mzo5dfJYwAn29PeiJ0zvwTo04zj8HDJj0Mn8TD7sno7q12prdbnasKJHhkm2c1LgrhlJ0teaea8860oxi51mGA==",
      "dev": true,
      "requires": {
        "lodash": "^4.17.14"
      }
    },
    "asynckit": {
      "version": "0.4.0",
      "resolved": "https://artifacts.dell.com:443/artifactory/api/npm/dtst-npm-dev-virtual/asynckit/-/asynckit-0.4.0.tgz",
      "integrity": "sha512-Oei9OH4tRh0YqU3GxhX79dM/mwVgvbZJaSNaRk+bshkj0S5cfHcgYakreBjrHwatXKbz+IoIdYLxrKim2MjW0Q=="
    },
    "aws-sign2": {
      "version": "0.7.0",
      "resolved": "https://artifacts.dell.com:443/artifactory/api/npm/dtst-npm-dev-virtual/aws-sign2/-/aws-sign2-0.7.0.tgz",
      "integrity": "sha512-08kcGqnYf/YmjoRhfxyu+CLxBjUtHLXLXX/vUfx9l2LYzG3c1m61nrpyFUZI6zeS+Li/wWMMidD9KgrqtGq3mA==",
      "dev": true
    },
    "aws4": {
      "version": "1.11.0",
      "resolved": "https://artifacts.dell.com:443/artifactory/api/npm/dtst-npm-dev-virtual/aws4/-/aws4-1.11.0.tgz",
      "integrity": "sha512-xh1Rl34h6Fi1DC2WWKfxUTVqRsNnr6LsKz2+hfwDxQJWmrx8+c7ylaqBMcHfl1U1r2dsifOvKX3LQuLNZ+XSvA==",
      "dev": true
    },
    "axios": {
      "version": "0.21.4",
      "resolved": "https://artifacts.dell.com:443/artifactory/api/npm/dtst-npm-dev-virtual/axios/-/axios-0.21.4.tgz",
      "integrity": "sha512-ut5vewkiu8jjGBdqpM44XxjuCjq9LAKeHVmoVfHVzy8eHgxxq8SbAVQNovDA8mVi05kP0Ea/n/UzcSHcTJQfNg==",
      "dev": true,
      "requires": {
        "follow-redirects": "^1.14.0"
      }
    },
    "azure-keyvault": {
      "version": "3.0.5",
      "resolved": "https://artifacts.dell.com:443/artifactory/api/npm/dtst-npm-dev-virtual/azure-keyvault/-/azure-keyvault-3.0.5.tgz",
      "integrity": "sha512-59fzKRq9dnzv03lEuImvgXc3QjRJoSJtK0gv1WXoqCivBuPdFNK+x6hAjoEDS2WEOXG+7m3uiJWqpMh/8NW3ow==",
      "dev": true,
      "requires": {
        "ms-rest": "^2.5.0",
        "ms-rest-azure": "^2.6.0"
      }
    },
    "bcrypt-pbkdf": {
      "version": "1.0.2",
      "resolved": "https://artifacts.dell.com:443/artifactory/api/npm/dtst-npm-dev-virtual/bcrypt-pbkdf/-/bcrypt-pbkdf-1.0.2.tgz",
      "integrity": "sha512-qeFIXtP4MSoi6NLqO12WfqARWWuCKi2Rn/9hJLEmtB5yTNr9DqFWkJRCf2qShWzPeAMRnOgCrq0sg/KLv5ES9w==",
      "dev": true,
      "requires": {
        "tweetnacl": "^0.14.3"
      }
    },
    "bluebird": {
      "version": "3.7.2",
      "resolved": "https://artifacts.dell.com:443/artifactory/api/npm/dtst-npm-dev-virtual/bluebird/-/bluebird-3.7.2.tgz",
      "integrity": "sha512-XpNj6GDQzdfW+r2Wnn7xiSAd7TM3jzkxGXBGTtWKuSXv1xUV+azxAm8jdWZN06QTQk+2N2XB9jRDkvbmQmcRtg==",
      "dev": true
    },
    "buffer-equal-constant-time": {
      "version": "1.0.1",
      "resolved": "https://artifacts.dell.com:443/artifactory/api/npm/dtst-npm-dev-virtual/buffer-equal-constant-time/-/buffer-equal-constant-time-1.0.1.tgz",
      "integrity": "sha512-zRpUiDwd/xk6ADqPMATG8vc9VPrkck7T07OIx0gnjmJAnHnTVXNQG3vfvWNuiZIkwu9KrKdA1iJKfsfTVxE6NA=="
    },
    "caseless": {
      "version": "0.12.0",
      "resolved": "https://artifacts.dell.com:443/artifactory/api/npm/dtst-npm-dev-virtual/caseless/-/caseless-0.12.0.tgz",
      "integrity": "sha512-4tYFyifaFfGacoiObjJegolkwSU4xQNGbVgUiNYVUxbQ2x2lUsFvY4hVgVzGiIe6WLOPqycWXA40l+PWsxthUw==",
      "dev": true
    },
    "cluster-key-slot": {
      "version": "1.1.0",
      "resolved": "https://artifacts.dell.com:443/artifactory/api/npm/dtst-npm-dev-virtual/cluster-key-slot/-/cluster-key-slot-1.1.0.tgz",
      "integrity": "sha512-2Nii8p3RwAPiFwsnZvukotvow2rIHM+yQ6ZcBXGHdniadkYGZYiGmkHJIbZPIV9nfv7m/U1IPMVVcAhoWFeklw==",
      "dev": true
    },
    "combined-stream": {
      "version": "1.0.8",
      "resolved": "https://artifacts.dell.com:443/artifactory/api/npm/dtst-npm-dev-virtual/combined-stream/-/combined-stream-1.0.8.tgz",
      "integrity": "sha512-FQN4MRfuJeHf7cBbBMJFXhKSDq+2kAArBlmRBvcvFE5BB1HZKXtSFASDhdlz9zOYwxh8lDdnvmMOe/+5cdoEdg==",
      "requires": {
        "delayed-stream": "~1.0.0"
      }
    },
    "core-util-is": {
      "version": "1.0.2",
      "resolved": "https://artifacts.dell.com:443/artifactory/api/npm/dtst-npm-dev-virtual/core-util-is/-/core-util-is-1.0.2.tgz",
      "integrity": "sha512-3lqz5YjWTYnW6dlDa5TLaTCcShfar1e40rmcJVwCBJC6mWlFuj0eCHIElmG1g5kyuJ/GD+8Wn4FFCcz4gJPfaQ==",
      "dev": true
    },
    "dashdash": {
      "version": "1.14.1",
      "resolved": "https://artifacts.dell.com:443/artifactory/api/npm/dtst-npm-dev-virtual/dashdash/-/dashdash-1.14.1.tgz",
      "integrity": "sha512-jRFi8UDGo6j+odZiEpjazZaWqEal3w/basFjQHQEwVtZJGDpxbH1MeYluwCS8Xq5wmLJooDlMgvVarmWfGM44g==",
      "dev": true,
      "requires": {
        "assert-plus": "^1.0.0"
      }
    },
    "date-utils": {
      "version": "1.2.21",
      "resolved": "https://artifacts.dell.com:443/artifactory/api/npm/dtst-npm-dev-virtual/date-utils/-/date-utils-1.2.21.tgz",
      "integrity": "sha512-wJMBjqlwXR0Iv0wUo/lFbhSQ7MmG1hl36iuxuE91kW+5b5sWbase73manEqNH9sOLFAMG83B4ffNKq9/Iq0FVA==",
      "dev": true
    },
    "debug": {
      "version": "4.3.4",
      "resolved": "https://artifacts.dell.com:443/artifactory/api/npm/dtst-npm-dev-virtual/debug/-/debug-4.3.4.tgz",
      "integrity": "sha512-PRWFHuSU3eDtQJPvnNY7Jcket1j0t5OuOsFzPPzsekD52Zl8qUfFIPEiswXqIvHWGVHOgX+7G/vCNNhehwxfkQ==",
      "requires": {
        "ms": "2.1.2"
      }
    },
    "define-lazy-prop": {
      "version": "2.0.0",
      "resolved": "https://artifacts.dell.com:443/artifactory/api/npm/dtst-npm-dev-virtual/define-lazy-prop/-/define-lazy-prop-2.0.0.tgz",
      "integrity": "sha512-Ds09qNh8yw3khSjiJjiUInaGX9xlqZDY7JVryGxdxV7NPeuqQfplOpQ66yJFZut3jLa5zOwkXw1g9EI2uKh4Og=="
    },
    "delayed-stream": {
      "version": "1.0.0",
      "resolved": "https://artifacts.dell.com:443/artifactory/api/npm/dtst-npm-dev-virtual/delayed-stream/-/delayed-stream-1.0.0.tgz",
      "integrity": "sha512-ZySD7Nf91aLB0RxL4KGrKHBXl7Eds1DAmEdcoVawXnLD7SDhpNgtuII2aAkg7a7QS41jxPSZ17p4VdGnMHk3MQ=="
    },
    "dotenv": {
      "version": "16.0.3",
      "resolved": "https://artifacts.dell.com:443/artifactory/api/npm/dtst-npm-dev-virtual/dotenv/-/dotenv-16.0.3.tgz",
      "integrity": "sha512-7GO6HghkA5fYG9TYnNxi14/7K9f5occMlp3zXAuSxn7CKCxt9xbNWG7yF8hTCSUchlfWSe3uLmlPfigevRItzQ==",
      "dev": true
    },
    "duplexer": {
      "version": "0.1.2",
      "resolved": "https://artifacts.dell.com:443/artifactory/api/npm/dtst-npm-dev-virtual/duplexer/-/duplexer-0.1.2.tgz",
      "integrity": "sha512-jtD6YG370ZCIi/9GTaJKQxWTZD045+4R4hTk/x1UyoqadyJ9x9CgSi1RlVDQF8U2sxLLSnFkCaMihqljHIWgMg==",
      "dev": true
    },
    "ecc-jsbn": {
      "version": "0.1.2",
      "resolved": "https://artifacts.dell.com:443/artifactory/api/npm/dtst-npm-dev-virtual/ecc-jsbn/-/ecc-jsbn-0.1.2.tgz",
      "integrity": "sha512-eh9O+hwRHNbG4BLTjEl3nw044CkGm5X6LoaCf7LPp7UU8Qrt47JYNi6nPX8xjW97TKGKm1ouctg0QSpZe9qrnw==",
      "dev": true,
      "requires": {
        "jsbn": "~0.1.0",
        "safer-buffer": "^2.1.0"
      }
    },
    "ecdsa-sig-formatter": {
      "version": "1.0.11",
      "resolved": "https://artifacts.dell.com:443/artifactory/api/npm/dtst-npm-dev-virtual/ecdsa-sig-formatter/-/ecdsa-sig-formatter-1.0.11.tgz",
      "integrity": "sha512-nagl3RYrbNv6kQkeJIpt6NJZy8twLB/2vtz6yN9Z4vRKHN4/QZJIEbqohALSgwKdnksuY3k5Addp5lg8sVoVcQ==",
      "requires": {
        "safe-buffer": "^5.0.1"
      }
    },
    "events": {
      "version": "3.3.0",
      "resolved": "https://artifacts.dell.com:443/artifactory/api/npm/dtst-npm-dev-virtual/events/-/events-3.3.0.tgz",
      "integrity": "sha512-mQw+2fkQbALzQ7V0MY0IqdnXNOeTtP4r0lN9z7AAawCXgqea7bDii20AYrIBrFd/Hx0M2Ocz6S111CaFkUcb0Q=="
    },
    "extend": {
      "version": "3.0.2",
      "resolved": "https://artifacts.dell.com:443/artifactory/api/npm/dtst-npm-dev-virtual/extend/-/extend-3.0.2.tgz",
      "integrity": "sha512-fjquC59cD7CyW6urNXK0FBufkZcoiGG80wTuPujX590cB5Ttln20E2UB4S/WARVqhXffZl2LNgS+gQdPIIim/g==",
      "dev": true
    },
    "extsprintf": {
      "version": "1.3.0",
      "resolved": "https://artifacts.dell.com:443/artifactory/api/npm/dtst-npm-dev-virtual/extsprintf/-/extsprintf-1.3.0.tgz",
      "integrity": "sha512-11Ndz7Nv+mvAC1j0ktTa7fAb0vLyGGX+rMHNBYQviQDGU0Hw7lhctJANqbPhu9nV9/izT/IntTgZ7Im/9LJs9g==",
      "dev": true
    },
    "fast-deep-equal": {
      "version": "3.1.3",
      "resolved": "https://artifacts.dell.com:443/artifactory/api/npm/dtst-npm-dev-virtual/fast-deep-equal/-/fast-deep-equal-3.1.3.tgz",
      "integrity": "sha512-f3qQ9oQy9j2AhBe/H9VC91wLmKBCCU/gDOnKNAYG5hswO7BLKj09Hc5HYNz9cGI++xlpDCIgDaitVs03ATR84Q==",
      "dev": true
    },
    "fast-json-stable-stringify": {
      "version": "2.1.0",
      "resolved": "https://artifacts.dell.com:443/artifactory/api/npm/dtst-npm-dev-virtual/fast-json-stable-stringify/-/fast-json-stable-stringify-2.1.0.tgz",
      "integrity": "sha512-lhd/wF+Lk98HZoTCtlVraHtfh5XYijIjalXck7saUtuanSDyLMxnHhSXEDJqHxD7msR8D0uCmqlkwjCV8xvwHw==",
      "dev": true
    },
    "follow-redirects": {
      "version": "1.15.2",
      "resolved": "https://artifacts.dell.com:443/artifactory/api/npm/dtst-npm-dev-virtual/follow-redirects/-/follow-redirects-1.15.2.tgz",
      "integrity": "sha512-VQLG33o04KaQ8uYi2tVNbdrWp1QWxNNea+nmIB4EVM28v0hmP17z7aG1+wAkNzVq4KeXTq3221ye5qTJP91JwA==",
      "dev": true
    },
    "forever-agent": {
      "version": "0.6.1",
      "resolved": "https://artifacts.dell.com:443/artifactory/api/npm/dtst-npm-dev-virtual/forever-agent/-/forever-agent-0.6.1.tgz",
      "integrity": "sha512-j0KLYPhm6zeac4lz3oJ3o65qvgQCcPubiyotZrXqEaG4hNagNYO8qdlUrX5vwqv9ohqeT/Z3j6+yW067yWWdUw==",
      "dev": true
    },
    "form-data": {
      "version": "2.3.3",
      "resolved": "https://artifacts.dell.com:443/artifactory/api/npm/dtst-npm-dev-virtual/form-data/-/form-data-2.3.3.tgz",
      "integrity": "sha512-1lLKB2Mu3aGP1Q/2eCOx0fNbRMe7XdwktwOruhfqqd0rIJWwN4Dh+E3hrPSlDCXnSR7UtZ1N38rVXm+6+MEhJQ==",
      "dev": true,
      "requires": {
        "asynckit": "^0.4.0",
        "combined-stream": "^1.0.6",
        "mime-types": "^2.1.12"
      }
    },
    "generic-pool": {
      "version": "3.8.2",
      "resolved": "https://artifacts.dell.com:443/artifactory/api/npm/dtst-npm-dev-virtual/generic-pool/-/generic-pool-3.8.2.tgz",
      "integrity": "sha512-nGToKy6p3PAbYQ7p1UlWl6vSPwfwU6TMSWK7TTu+WUY4ZjyZQGniGGt2oNVvyNSpyZYSB43zMXVLcBm08MTMkg==",
      "dev": true
    },
    "getpass": {
      "version": "0.1.7",
      "resolved": "https://artifacts.dell.com:443/artifactory/api/npm/dtst-npm-dev-virtual/getpass/-/getpass-0.1.7.tgz",
      "integrity": "sha512-0fzj9JxOLfJ+XGLhR8ze3unN0KZCgZwiSSDz168VERjK8Wl8kVSdcu2kspd4s4wtAa1y/qrVRiAA0WclVsu0ng==",
      "dev": true,
      "requires": {
        "assert-plus": "^1.0.0"
      }
    },
    "har-schema": {
      "version": "2.0.0",
      "resolved": "https://artifacts.dell.com:443/artifactory/api/npm/dtst-npm-dev-virtual/har-schema/-/har-schema-2.0.0.tgz",
      "integrity": "sha512-Oqluz6zhGX8cyRaTQlFMPw80bSJVG2x/cFb8ZPhUILGgHka9SsokCCOQgpveePerqidZOrT14ipqfJb7ILcW5Q==",
      "dev": true
    },
    "har-validator": {
      "version": "5.1.5",
      "resolved": "https://artifacts.dell.com:443/artifactory/api/npm/dtst-npm-dev-virtual/har-validator/-/har-validator-5.1.5.tgz",
      "integrity": "sha512-nmT2T0lljbxdQZfspsno9hgrG3Uir6Ks5afism62poxqBM6sDnMEuPmzTq8XN0OEwqKLLdh1jQI3qyE66Nzb3w==",
      "dev": true,
      "requires": {
        "ajv": "^6.12.3",
        "har-schema": "^2.0.0"
      }
    },
    "http-proxy-agent": {
      "version": "5.0.0",
      "resolved": "https://artifacts.dell.com:443/artifactory/api/npm/dtst-npm-dev-virtual/http-proxy-agent/-/http-proxy-agent-5.0.0.tgz",
      "integrity": "sha512-n2hY8YdoRE1i7r6M0w9DIw5GgZN0G25P8zLCRQ8rjXtTU3vsNFBI/vWK/UIeE6g5MUUz6avwAPXmL6Fy9D/90w==",
      "requires": {
        "@tootallnate/once": "2",
        "agent-base": "6",
        "debug": "4"
      }
    },
    "http-signature": {
      "version": "1.3.6",
      "resolved": "https://artifacts.dell.com:443/artifactory/api/npm/dtst-npm-dev-virtual/http-signature/-/http-signature-1.3.6.tgz",
      "integrity": "sha512-3adrsD6zqo4GsTqtO7FyrejHNv+NgiIfAfv68+jVlFmSr9OGy7zrxONceFRLKvnnZA5jbxQBX1u9PpB6Wi32Gw==",
      "dev": true,
      "requires": {
        "assert-plus": "^1.0.0",
        "jsprim": "^2.0.2",
        "sshpk": "^1.14.1"
      }
    },
    "https-proxy-agent": {
      "version": "5.0.1",
      "resolved": "https://artifacts.dell.com:443/artifactory/api/npm/dtst-npm-dev-virtual/https-proxy-agent/-/https-proxy-agent-5.0.1.tgz",
      "integrity": "sha512-dFcAjpTQFgoLMzC2VwU+C/CbS7uRL0lWmxDITmqm7C+7F0Odmj6s9l6alZc6AELXhrnggM2CeWSXHGOdX2YtwA==",
      "requires": {
        "agent-base": "6",
        "debug": "4"
      }
    },
    "is-buffer": {
      "version": "1.1.6",
      "resolved": "https://artifacts.dell.com:443/artifactory/api/npm/dtst-npm-dev-virtual/is-buffer/-/is-buffer-1.1.6.tgz",
      "integrity": "sha512-NcdALwpXkTm5Zvvbk7owOUSvVvBKDgKP5/ewfXEznmQFfs4ZRmanOeKBTjRVjka3QFoN6XJ+9F3USqfHqTaU5w==",
      "dev": true
    },
    "is-docker": {
      "version": "2.2.1",
      "resolved": "https://artifacts.dell.com:443/artifactory/api/npm/dtst-npm-dev-virtual/is-docker/-/is-docker-2.2.1.tgz",
      "integrity": "sha512-F+i2BKsFrH66iaUFc0woD8sLy8getkwTwtOBjvs56Cx4CgJDeKQeqfz8wAYiSb8JOprWhHH5p77PbmYCvvUuXQ=="
    },
    "is-stream": {
      "version": "1.1.0",
      "resolved": "https://artifacts.dell.com:443/artifactory/api/npm/dtst-npm-dev-virtual/is-stream/-/is-stream-1.1.0.tgz",
      "integrity": "sha512-uQPm8kcs47jx38atAcWTVxyltQYoPT68y9aWYdV6yWXSyW8mzSat0TL6CiWdZeCdF3KrAvpVtnHbTv4RN+rqdQ==",
      "dev": true
    },
    "is-typedarray": {
      "version": "1.0.0",
      "resolved": "https://artifacts.dell.com:443/artifactory/api/npm/dtst-npm-dev-virtual/is-typedarray/-/is-typedarray-1.0.0.tgz",
      "integrity": "sha512-cyA56iCMHAh5CdzjJIa4aohJyeO1YbwLi3Jc35MmRU6poroFjIGZzUzupGiRPOjgHg9TLu43xbpwXk523fMxKA==",
      "dev": true
    },
    "is-wsl": {
      "version": "2.2.0",
      "resolved": "https://artifacts.dell.com:443/artifactory/api/npm/dtst-npm-dev-virtual/is-wsl/-/is-wsl-2.2.0.tgz",
      "integrity": "sha512-fKzAra0rGJUUBwGBgNkHZuToZcn+TtXHpeCgmkMJMMYx1sQDYaCSyjJBSCa2nH1DGm7s3n1oBnohoVTBaN7Lww==",
      "requires": {
        "is-docker": "^2.0.0"
      }
    },
    "isstream": {
      "version": "0.1.2",
      "resolved": "https://artifacts.dell.com:443/artifactory/api/npm/dtst-npm-dev-virtual/isstream/-/isstream-0.1.2.tgz",
      "integrity": "sha512-Yljz7ffyPbrLpLngrMtZ7NduUgVvi6wG9RJ9IUcyCd59YQ911PBJphODUcbOVbqYfxe1wuYf/LJ8PauMRwsM/g==",
      "dev": true
    },
    "jsbn": {
      "version": "0.1.1",
      "resolved": "https://artifacts.dell.com:443/artifactory/api/npm/dtst-npm-dev-virtual/jsbn/-/jsbn-0.1.1.tgz",
      "integrity": "sha512-UVU9dibq2JcFWxQPA6KCqj5O42VOmAY3zQUfEKxU0KpTGXwNoCjkX1e13eHNvw/xPynt6pU0rZ1htjWTNTSXsg==",
      "dev": true
    },
    "json-schema": {
      "version": "0.4.0",
      "resolved": "https://artifacts.dell.com:443/artifactory/api/npm/dtst-npm-dev-virtual/json-schema/-/json-schema-0.4.0.tgz",
      "integrity": "sha512-es94M3nTIfsEPisRafak+HDLfHXnKBhV3vU5eqPcS3flIWqcxJWgXHXiey3YrpaNsanY5ei1VoYEbOzijuq9BA==",
      "dev": true
    },
    "json-schema-traverse": {
      "version": "0.4.1",
      "resolved": "https://artifacts.dell.com:443/artifactory/api/npm/dtst-npm-dev-virtual/json-schema-traverse/-/json-schema-traverse-0.4.1.tgz",
      "integrity": "sha512-xbbCH5dCYU5T8LcEhhuh7HJ88HXuW3qsI3Y0zOZFKfZEHcpWiHU/Jxzk629Brsab/mMiHQti9wMP+845RPe3Vg==",
      "dev": true
    },
    "json-stringify-safe": {
      "version": "5.0.1",
      "resolved": "https://artifacts.dell.com:443/artifactory/api/npm/dtst-npm-dev-virtual/json-stringify-safe/-/json-stringify-safe-5.0.1.tgz",
      "integrity": "sha512-ZClg6AaYvamvYEE82d3Iyd3vSSIjQ+odgjaTzRuO3s7toCdFKczob2i0zCh7JE8kWn17yvAWhUVxvqGwUalsRA==",
      "dev": true
    },
    "jsonwebtoken": {
      "version": "8.5.1",
      "resolved": "https://artifacts.dell.com:443/artifactory/api/npm/dtst-npm-dev-virtual/jsonwebtoken/-/jsonwebtoken-8.5.1.tgz",
      "integrity": "sha512-XjwVfRS6jTMsqYs0EsuJ4LGxXV14zQybNd4L2r0UvbVnSF9Af8x7p5MzbJ90Ioz/9TI41/hTCvznF/loiSzn8w==",
      "requires": {
        "jws": "^3.2.2",
        "lodash.includes": "^4.3.0",
        "lodash.isboolean": "^3.0.3",
        "lodash.isinteger": "^4.0.4",
        "lodash.isnumber": "^3.0.3",
        "lodash.isplainobject": "^4.0.6",
        "lodash.isstring": "^4.0.1",
        "lodash.once": "^4.0.0",
        "ms": "^2.1.1",
        "semver": "^5.6.0"
      }
    },
    "jsprim": {
      "version": "2.0.2",
      "resolved": "https://artifacts.dell.com:443/artifactory/api/npm/dtst-npm-dev-virtual/jsprim/-/jsprim-2.0.2.tgz",
      "integrity": "sha512-gqXddjPqQ6G40VdnI6T6yObEC+pDNvyP95wdQhkWkg7crHH3km5qP1FsOXEkzEQwnz6gz5qGTn1c2Y52wP3OyQ==",
      "dev": true,
      "requires": {
        "assert-plus": "1.0.0",
        "extsprintf": "1.3.0",
        "json-schema": "0.4.0",
        "verror": "1.10.0"
      }
    },
    "jwa": {
      "version": "1.4.1",
      "resolved": "https://artifacts.dell.com:443/artifactory/api/npm/dtst-npm-dev-virtual/jwa/-/jwa-1.4.1.tgz",
      "integrity": "sha512-qiLX/xhEEFKUAJ6FiBMbes3w9ATzyk5W7Hvzpa/SLYdxNtng+gcurvrI7TbACjIXlsJyr05/S1oUhZrc63evQA==",
      "requires": {
        "buffer-equal-constant-time": "1.0.1",
        "ecdsa-sig-formatter": "1.0.11",
        "safe-buffer": "^5.0.1"
      }
    },
    "jws": {
      "version": "3.2.2",
      "resolved": "https://artifacts.dell.com:443/artifactory/api/npm/dtst-npm-dev-virtual/jws/-/jws-3.2.2.tgz",
      "integrity": "sha512-YHlZCB6lMTllWDtSPHz/ZXTsi8S00usEV6v1tjq8tOUZzw7DpSDWVXjXDre6ed1w/pd495ODpHZYSdkRTsa0HA==",
      "requires": {
        "jwa": "^1.4.1",
        "safe-buffer": "^5.0.1"
      }
    },
    "lodash": {
      "version": "4.17.21",
      "resolved": "https://artifacts.dell.com:443/artifactory/api/npm/dtst-npm-dev-virtual/lodash/-/lodash-4.17.21.tgz",
      "integrity": "sha512-v2kDEe57lecTulaDIuNTPy3Ry4gLGJ6Z1O3vE1krgXZNrsQ+LFTGHVxVjcXPs17LhbZVGedAJv8XZ1tvj5FvSg==",
      "dev": true
    },
    "lodash.includes": {
      "version": "4.3.0",
      "resolved": "https://artifacts.dell.com:443/artifactory/api/npm/dtst-npm-dev-virtual/lodash.includes/-/lodash.includes-4.3.0.tgz",
      "integrity": "sha512-W3Bx6mdkRTGtlJISOvVD/lbqjTlPPUDTMnlXZFnVwi9NKJ6tiAk6LVdlhZMm17VZisqhKcgzpO5Wz91PCt5b0w=="
    },
    "lodash.isboolean": {
      "version": "3.0.3",
      "resolved": "https://artifacts.dell.com:443/artifactory/api/npm/dtst-npm-dev-virtual/lodash.isboolean/-/lodash.isboolean-3.0.3.tgz",
      "integrity": "sha512-Bz5mupy2SVbPHURB98VAcw+aHh4vRV5IPNhILUCsOzRmsTmSQ17jIuqopAentWoehktxGd9e/hbIXq980/1QJg=="
    },
    "lodash.isinteger": {
      "version": "4.0.4",
      "resolved": "https://artifacts.dell.com:443/artifactory/api/npm/dtst-npm-dev-virtual/lodash.isinteger/-/lodash.isinteger-4.0.4.tgz",
      "integrity": "sha512-DBwtEWN2caHQ9/imiNeEA5ys1JoRtRfY3d7V9wkqtbycnAmTvRRmbHKDV4a0EYc678/dia0jrte4tjYwVBaZUA=="
    },
    "lodash.isnumber": {
      "version": "3.0.3",
      "resolved": "https://artifacts.dell.com:443/artifactory/api/npm/dtst-npm-dev-virtual/lodash.isnumber/-/lodash.isnumber-3.0.3.tgz",
      "integrity": "sha512-QYqzpfwO3/CWf3XP+Z+tkQsfaLL/EnUlXWVkIk5FUPc4sBdTehEqZONuyRt2P67PXAk+NXmTBcc97zw9t1FQrw=="
    },
    "lodash.isplainobject": {
      "version": "4.0.6",
      "resolved": "https://artifacts.dell.com:443/artifactory/api/npm/dtst-npm-dev-virtual/lodash.isplainobject/-/lodash.isplainobject-4.0.6.tgz",
      "integrity": "sha512-oSXzaWypCMHkPC3NvBEaPHf0KsA5mvPrOPgQWDsbg8n7orZ290M0BmC/jgRZ4vcJ6DTAhjrsSYgdsW/F+MFOBA=="
    },
    "lodash.isstring": {
      "version": "4.0.1",
      "resolved": "https://artifacts.dell.com:443/artifactory/api/npm/dtst-npm-dev-virtual/lodash.isstring/-/lodash.isstring-4.0.1.tgz",
      "integrity": "sha512-0wJxfxH1wgO3GrbuP+dTTk7op+6L41QCXbGINEmD+ny/G/eCqGzxyCsh7159S+mgDDcoarnBw6PC1PS5+wUGgw=="
    },
    "lodash.once": {
      "version": "4.1.1",
      "resolved": "https://artifacts.dell.com:443/artifactory/api/npm/dtst-npm-dev-virtual/lodash.once/-/lodash.once-4.1.1.tgz",
      "integrity": "sha512-Sb487aTOCr9drQVL8pIxOzVhafOjZN9UU54hiN8PU3uAiSV7lx1yYNpbNmex2PK6dSJoNTSJUUswT651yww3Mg=="
    },
    "mime-db": {
      "version": "1.52.0",
      "resolved": "https://artifacts.dell.com:443/artifactory/api/npm/dtst-npm-dev-virtual/mime-db/-/mime-db-1.52.0.tgz",
      "integrity": "sha512-sPU4uV7dYlvtWJxwwxHD0PuihVNiE7TyAbQ5SWxDCB9mUYvOgroQOwYQQOKPJ8CIbE+1ETVlOoK1UC2nU3gYvg=="
    },
    "mime-types": {
      "version": "2.1.35",
      "resolved": "https://artifacts.dell.com:443/artifactory/api/npm/dtst-npm-dev-virtual/mime-types/-/mime-types-2.1.35.tgz",
      "integrity": "sha512-ZDY+bPm5zTTF+YpCrAU9nK0UgICYPT0QtT1NZWFv4s++TNkcgVaT0g6+4R2uI4MjQjzysHB1zxuWL50hzaeXiw==",
      "requires": {
        "mime-db": "1.52.0"
      }
    },
    "moment": {
      "version": "2.29.4",
      "resolved": "https://artifacts.dell.com:443/artifactory/api/npm/dtst-npm-dev-virtual/moment/-/moment-2.29.4.tgz",
      "integrity": "sha512-5LC9SOxjSc2HF6vO2CyuTDNivEdoz2IvyJJGj6X8DJ0eFyfszE0QiEd+iXmBvUP3WHxSjFH/vIsA0EN00cgr8w==",
      "dev": true
    },
    "ms": {
      "version": "2.1.2",
      "resolved": "https://artifacts.dell.com:443/artifactory/api/npm/dtst-npm-dev-virtual/ms/-/ms-2.1.2.tgz",
      "integrity": "sha512-sGkPx+VjMtmA6MX27oA4FBFELFCZZ4S4XqeGOXCv68tT+jb3vk/RyaKWP0PTKyWtmLSM0b+adUTEvbs1PEaH2w=="
    },
    "ms-rest": {
      "version": "2.5.6",
      "resolved": "https://artifacts.dell.com:443/artifactory/api/npm/dtst-npm-dev-virtual/ms-rest/-/ms-rest-2.5.6.tgz",
      "integrity": "sha512-3Scy/pF43wqPEPeJxhOsLs16m6Rt+9zqf+jKdg+guuonytKmFSxerQM2exlQIDTqFVTsLXrPEGFWTGSwivRRkA==",
      "dev": true,
      "requires": {
        "ajv": "6.12.3",
        "duplexer": "^0.1.1",
        "http-signature": "1.3.6",
        "is-buffer": "^1.1.6",
        "is-stream": "^1.1.0",
        "moment": "^2.21.0",
        "request": "^2.88.2",
        "through": "^2.3.8",
        "tunnel": "0.0.5",
        "uuid": "^3.2.1"
      }
    },
    "ms-rest-azure": {
      "version": "2.6.2",
      "resolved": "https://artifacts.dell.com:443/artifactory/api/npm/dtst-npm-dev-virtual/ms-rest-azure/-/ms-rest-azure-2.6.2.tgz",
      "integrity": "sha512-h74ezkiMQ1y8tD0kf0MK2kdCONAP70i032Dt8kBrFsvj3ZqGRj+DHHNRCGLDfkBkSXhILGMeiF8Ji/iSCUJLJg==",
      "dev": true,
      "requires": {
        "adal-node": "^0.2.2",
        "async": "^2.6.4",
        "ms-rest": "^2.3.2",
        "request": "^2.88.0",
        "uuid": "^3.2.1"
      }
    },
    "oauth-sign": {
      "version": "0.9.0",
      "resolved": "https://artifacts.dell.com:443/artifactory/api/npm/dtst-npm-dev-virtual/oauth-sign/-/oauth-sign-0.9.0.tgz",
      "integrity": "sha512-fexhUFFPTGV8ybAtSIGbV6gOkSv8UtRbDBnAyLQw4QPKkgNlsH2ByPGtMUqdWkos6YCRmAqViwgZrJc/mRDzZQ==",
      "dev": true
    },
    "open": {
      "version": "8.4.0",
      "resolved": "https://artifacts.dell.com:443/artifactory/api/npm/dtst-npm-dev-virtual/open/-/open-8.4.0.tgz",
      "integrity": "sha512-XgFPPM+B28FtCCgSb9I+s9szOC1vZRSwgWsRUA5ylIxRTgKozqjOCrVOqGsYABPYK5qnfqClxZTFBa8PKt2v6Q==",
      "requires": {
        "define-lazy-prop": "^2.0.0",
        "is-docker": "^2.1.1",
        "is-wsl": "^2.2.0"
      }
    },
    "performance-now": {
      "version": "2.1.0",
      "resolved": "https://artifacts.dell.com:443/artifactory/api/npm/dtst-npm-dev-virtual/performance-now/-/performance-now-2.1.0.tgz",
      "integrity": "sha512-7EAHlyLHI56VEIdK57uwHdHKIaAGbnXPiw0yWbarQZOKaKpvUIgW0jWRVLiatnM+XXlSwsanIBH/hzGMJulMow==",
      "dev": true
    },
    "psl": {
      "version": "1.9.0",
      "resolved": "https://artifacts.dell.com:443/artifactory/api/npm/dtst-npm-dev-virtual/psl/-/psl-1.9.0.tgz",
      "integrity": "sha512-E/ZsdU4HLs/68gYzgGTkMicWTLPdAftJLfJFlLUAAKZGkStNU72sZjT66SnMDVOfOWY/YAoiD7Jxa9iHvngcag==",
      "dev": true
    },
    "punycode": {
      "version": "2.1.1",
      "resolved": "https://artifacts.dell.com:443/artifactory/api/npm/dtst-npm-dev-virtual/punycode/-/punycode-2.1.1.tgz",
      "integrity": "sha512-XRsRjdf+j5ml+y/6GKHPZbrF/8p2Yga0JPtdqTIY2Xe5ohJPD9saDJJLPvp9+NSBprVvevdXZybnj2cv8OEd0A==",
      "dev": true
    },
    "qs": {
      "version": "6.5.3",
      "resolved": "https://artifacts.dell.com:443/artifactory/api/npm/dtst-npm-dev-virtual/qs/-/qs-6.5.3.tgz",
      "integrity": "sha512-qxXIEh4pCGfHICj1mAJQ2/2XVZkjCDTcEgfoSQxc/fYivUZxTkk7L3bDBJSoNrEzXI17oUO5Dp07ktqE5KzczA==",
      "dev": true
    },
    "redis": {
      "version": "4.3.1",
      "resolved": "https://artifacts.dell.com:443/artifactory/api/npm/dtst-npm-dev-virtual/redis/-/redis-4.3.1.tgz",
      "integrity": "sha512-cM7yFU5CA6zyCF7N/+SSTcSJQSRMEKN0k0Whhu6J7n9mmXRoXugfWDBo5iOzGwABmsWKSwGPTU5J4Bxbl+0mrA==",
      "dev": true,
      "requires": {
        "@redis/bloom": "1.0.2",
        "@redis/client": "1.3.0",
        "@redis/graph": "1.0.1",
        "@redis/json": "1.0.4",
        "@redis/search": "1.1.0",
        "@redis/time-series": "1.0.3"
      }
    },
    "request": {
      "version": "2.88.2",
      "resolved": "https://artifacts.dell.com:443/artifactory/api/npm/dtst-npm-dev-virtual/request/-/request-2.88.2.tgz",
      "integrity": "sha512-MsvtOrfG9ZcrOwAW+Qi+F6HbD0CWXEh9ou77uOb7FM2WPhwT7smM833PzanhJLsgXjN89Ir6V2PczXNnMpwKhw==",
      "dev": true,
      "requires": {
        "aws-sign2": "~0.7.0",
        "aws4": "^1.8.0",
        "caseless": "~0.12.0",
        "combined-stream": "~1.0.6",
        "extend": "~3.0.2",
        "forever-agent": "~0.6.1",
        "form-data": "~2.3.2",
        "har-validator": "~5.1.3",
        "http-signature": "~1.2.0",
        "is-typedarray": "~1.0.0",
        "isstream": "~0.1.2",
        "json-stringify-safe": "~5.0.1",
        "mime-types": "~2.1.19",
        "oauth-sign": "~0.9.0",
        "performance-now": "^2.1.0",
        "qs": "~6.5.2",
        "safe-buffer": "^5.1.2",
        "tough-cookie": "~2.5.0",
        "tunnel-agent": "^0.6.0",
        "uuid": "^3.3.2"
      },
      "dependencies": {
        "http-signature": {
          "version": "1.2.0",
          "resolved": "https://artifacts.dell.com:443/artifactory/api/npm/dtst-npm-dev-virtual/http-signature/-/http-signature-1.2.0.tgz",
          "integrity": "sha512-CAbnr6Rz4CYQkLYUtSNXxQPUH2gK8f3iWexVlsnMeD+GjlsQ0Xsy1cOX+mN3dtxYomRy21CiOzU8Uhw6OwncEQ==",
          "dev": true,
          "requires": {
            "assert-plus": "^1.0.0",
            "jsprim": "^1.2.2",
            "sshpk": "^1.7.0"
          }
        },
        "jsprim": {
          "version": "1.4.2",
          "resolved": "https://artifacts.dell.com:443/artifactory/api/npm/dtst-npm-dev-virtual/jsprim/-/jsprim-1.4.2.tgz",
          "integrity": "sha512-P2bSOMAc/ciLz6DzgjVlGJP9+BrJWu5UDGK70C2iweC5QBIeFf0ZXRvGjEj2uYgrY2MkAAhsSWHDWlFtEroZWw==",
          "dev": true,
          "requires": {
            "assert-plus": "1.0.0",
            "extsprintf": "1.3.0",
            "json-schema": "0.4.0",
            "verror": "1.10.0"
          }
        }
      }
    },
    "safe-buffer": {
      "version": "5.2.1",
      "resolved": "https://artifacts.dell.com:443/artifactory/api/npm/dtst-npm-dev-virtual/safe-buffer/-/safe-buffer-5.2.1.tgz",
      "integrity": "sha512-rp3So07KcdmmKbGvgaNxQSJr7bGVSVk5S9Eq1F+ppbRo70+YeaDxkw5Dd8NPN+GD6bjnYm2VuPuCXmpuYvmCXQ=="
    },
    "safer-buffer": {
      "version": "2.1.2",
      "resolved": "https://artifacts.dell.com:443/artifactory/api/npm/dtst-npm-dev-virtual/safer-buffer/-/safer-buffer-2.1.2.tgz",
      "integrity": "sha512-YZo3K82SD7Riyi0E1EQPojLz7kpepnSQI9IyPbHHg1XXXevb5dJI7tpyN2ADxGcQbHG7vcyRHk0cbwqcQriUtg==",
      "dev": true
    },
    "semver": {
      "version": "5.7.1",
      "resolved": "https://artifacts.dell.com:443/artifactory/api/npm/dtst-npm-dev-virtual/semver/-/semver-5.7.1.tgz",
      "integrity": "sha512-sauaDf/PZdVgrLTNYHRtpXa1iRiKcaebiKQ1BJdpQlWH2lCvexQdX55snPFyK7QzpudqbCI0qXFfOasHdyNDGQ=="
    },
    "sshpk": {
      "version": "1.17.0",
      "resolved": "https://artifacts.dell.com:443/artifactory/api/npm/dtst-npm-dev-virtual/sshpk/-/sshpk-1.17.0.tgz",
      "integrity": "sha512-/9HIEs1ZXGhSPE8X6Ccm7Nam1z8KcoCqPdI7ecm1N33EzAetWahvQWVqLZtaZQ+IDKX4IyA2o0gBzqIMkAagHQ==",
      "dev": true,
      "requires": {
        "asn1": "~0.2.3",
        "assert-plus": "^1.0.0",
        "bcrypt-pbkdf": "^1.0.0",
        "dashdash": "^1.12.0",
        "ecc-jsbn": "~0.1.1",
        "getpass": "^0.1.1",
        "jsbn": "~0.1.0",
        "safer-buffer": "^2.0.2",
        "tweetnacl": "~0.14.0"
      }
    },
    "stoppable": {
      "version": "1.1.0",
      "resolved": "https://artifacts.dell.com:443/artifactory/api/npm/dtst-npm-dev-virtual/stoppable/-/stoppable-1.1.0.tgz",
      "integrity": "sha512-KXDYZ9dszj6bzvnEMRYvxgeTHU74QBFL54XKtP3nyMuJ81CFYtABZ3bAzL2EdFUaEwJOBOgENyFj3R7oTzDyyw=="
    },
    "through": {
      "version": "2.3.8",
      "resolved": "https://artifacts.dell.com:443/artifactory/api/npm/dtst-npm-dev-virtual/through/-/through-2.3.8.tgz",
      "integrity": "sha512-w89qg7PI8wAdvX60bMDP+bFoD5Dvhm9oLheFp5O4a2QF0cSBGsBX4qZmadPMvVqlLJBBci+WqGGOAPvcDeNSVg==",
      "dev": true
    },
    "tough-cookie": {
      "version": "2.5.0",
      "resolved": "https://artifacts.dell.com:443/artifactory/api/npm/dtst-npm-dev-virtual/tough-cookie/-/tough-cookie-2.5.0.tgz",
      "integrity": "sha512-nlLsUzgm1kfLXSXfRZMc1KLAugd4hqJHDTvc2hDIwS3mZAfMEuMbc03SujMF+GEcpaX/qboeycw6iO8JwVv2+g==",
      "dev": true,
      "requires": {
        "psl": "^1.1.28",
        "punycode": "^2.1.1"
      }
    },
    "tslib": {
      "version": "2.4.0",
      "resolved": "https://artifacts.dell.com:443/artifactory/api/npm/dtst-npm-dev-virtual/tslib/-/tslib-2.4.0.tgz",
      "integrity": "sha512-d6xOpEDfsi2CZVlPQzGeux8XMwLT9hssAsaPYExaQMuYskwb+x1x7J371tWlbBdWHroy99KnVB6qIkUbs5X3UQ=="
    },
    "tunnel": {
      "version": "0.0.5",
      "resolved": "https://artifacts.dell.com:443/artifactory/api/npm/dtst-npm-dev-virtual/tunnel/-/tunnel-0.0.5.tgz",
      "integrity": "sha512-gj5sdqherx4VZKMcBA4vewER7zdK25Td+z1npBqpbDys4eJrLx+SlYjJvq1bDXs2irkuJM5pf8ktaEQVipkrbA==",
      "dev": true
    },
    "tunnel-agent": {
      "version": "0.6.0",
      "resolved": "https://artifacts.dell.com:443/artifactory/api/npm/dtst-npm-dev-virtual/tunnel-agent/-/tunnel-agent-0.6.0.tgz",
      "integrity": "sha512-McnNiV1l8RYeY8tBgEpuodCC1mLUdbSN+CYBL7kJsJNInOP8UjDDEwdk6Mw60vdLLrr5NHKZhMAOSrR2NZuQ+w==",
      "dev": true,
      "requires": {
        "safe-buffer": "^5.0.1"
      }
    },
    "tweetnacl": {
      "version": "0.14.5",
      "resolved": "https://artifacts.dell.com:443/artifactory/api/npm/dtst-npm-dev-virtual/tweetnacl/-/tweetnacl-0.14.5.tgz",
      "integrity": "sha512-KXXFFdAbFXY4geFIwoyNK+f5Z1b7swfXABfL7HXCmoIWMKU3dmS26672A4EeQtDzLKy7SXmfBu51JolvEKwtGA==",
      "dev": true
    },
    "underscore": {
      "version": "1.13.6",
      "resolved": "https://artifacts.dell.com:443/artifactory/api/npm/dtst-npm-dev-virtual/underscore/-/underscore-1.13.6.tgz",
      "integrity": "sha512-+A5Sja4HP1M08MaXya7p5LvjuM7K6q/2EaC0+iovj/wOcMsTzMvDFbasi/oSapiwOlt252IqsKqPjCl7huKS0A==",
      "dev": true
    },
    "uri-js": {
      "version": "4.4.1",
      "resolved": "https://artifacts.dell.com:443/artifactory/api/npm/dtst-npm-dev-virtual/uri-js/-/uri-js-4.4.1.tgz",
      "integrity": "sha512-7rKUyy33Q1yc98pQ1DAmLtwX109F7TIfWlW1Ydo8Wl1ii1SeHieeh0HHfPeL2fMXK6z0s8ecKs9frCuLJvndBg==",
      "dev": true,
      "requires": {
        "punycode": "^2.1.0"
      }
    },
    "uuid": {
      "version": "3.4.0",
      "resolved": "https://artifacts.dell.com:443/artifactory/api/npm/dtst-npm-dev-virtual/uuid/-/uuid-3.4.0.tgz",
      "integrity": "sha512-HjSDRw6gZE5JMggctHBcjVak08+KEVhSIiDzFnT9S9aegmp85S/bReBVTb4QTFaRNptJ9kuYaNhnbNEOkbKb/A==",
      "dev": true
    },
    "verror": {
      "version": "1.10.0",
      "resolved": "https://artifacts.dell.com:443/artifactory/api/npm/dtst-npm-dev-virtual/verror/-/verror-1.10.0.tgz",
      "integrity": "sha512-ZZKSmDAEFOijERBLkmYfJ+vmk3w+7hOLYDNkRCuRuMJGEmqYNCNLyBBFwWKVMhfwaEF3WOd0Zlw86U/WC/+nYw==",
      "dev": true,
      "requires": {
        "assert-plus": "^1.0.0",
        "core-util-is": "1.0.2",
        "extsprintf": "^1.2.0"
      }
    },
    "xpath.js": {
      "version": "1.1.0",
      "resolved": "https://artifacts.dell.com:443/artifactory/api/npm/dtst-npm-dev-virtual/xpath.js/-/xpath.js-1.1.0.tgz",
      "integrity": "sha512-jg+qkfS4K8E7965sqaUl8mRngXiKb3WZGfONgE18pr03FUQiuSV6G+Ej4tS55B+rIQSFEIw3phdVAQ4pPqNWfQ==",
      "dev": true
    },
    "yallist": {
      "version": "4.0.0",
      "resolved": "https://artifacts.dell.com:443/artifactory/api/npm/dtst-npm-dev-virtual/yallist/-/yallist-4.0.0.tgz",
      "integrity": "sha512-3wdGidZyq5PB084XLES5TpOSRA3wjXAlIWMhum2kRcv/41Sn2emQ0dycQW4uZXLejwKvg6EsvbdlVL+FYEct7A==",
      "dev": true
    }
  }
}
